<html><body>You are being <a href="https://objects.githubusercontent.com/github-production-release-asset-2e65be/348075813/9273b9ef-af5e-4f3f-95d5-3cc32d4b51aa?X-Amz-Algorithm=AWS4-HMAC-SHA256&amp;X-Amz-Credential=AKIAIWNJYAX4CSVEH53A%2F20220321%2Fus-east-1%2Fs3%2Faws4_request&amp;X-Amz-Date=20220321T070713Z&amp;X-Amz-Expires=300&amp;X-Amz-Signature=688c511bb09b3e1b96b16445b398c88fa94517ff41377388667ca752a73923ab&amp;X-Amz-SignedHeaders=host&amp;actor_id=0&amp;key_id=0&amp;repo_id=348075813&amp;response-content-disposition=attachment%3B%20filename%3Dmanifest.lock&amp;response-content-type=application%2Foctet-stream">redirected</a>.</body></html>